
Microsoft Visual Studio Solution File, Format Version 12.00
# Visual Studio Version 17
VisualStudioVersion = 17.3.32929.385
MinimumVisualStudioVersion = 10.0.40219.1
Project("{9A19103F-16F7-4668-BE54-9A1E7A4F7556}") = "WebView2WpfBrowser", "WebView2WpfBrowser.csproj", "{EE405166-276B-486B-A7C6-D3E5BE2BBB6C}"
EndProject
Project("{2150E333-8FDC-42A3-9474-1A3956D46DE8}") = "Solution Items", "Solution Items", "{83CEF338-0454-47F2-9C00-184FA2721213}"
	ProjectSection(SolutionItems) = preProject
		.editorconfig = .editorconfig
	EndProjectSection
EndProject
Global
	GlobalSection(SolutionConfigurationPlatforms) = preSolution
		Debug Experimental APIs|Any CPU = Debug Experimental APIs|Any CPU
		Debug Stable APIs|Any CPU = Debug Stable APIs|Any CPU
		Release Experimental APIs|Any CPU = Release Experimental APIs|Any CPU
		Release Stable APIs|Any CPU = Release Stable APIs|Any CPU
	EndGlobalSection
	GlobalSection(ProjectConfigurationPlatforms) = postSolution
		{EE405166-276B-486B-A7C6-D3E5BE2BBB6C}.Debug Experimental APIs|Any CPU.ActiveCfg = Debug Experimental APIs|Any CPU
		{EE405166-276B-486B-A7C6-D3E5BE2BBB6C}.Debug Experimental APIs|Any CPU.Build.0 = Debug Experimental APIs|Any CPU
		{EE405166-276B-486B-A7C6-D3E5BE2BBB6C}.Debug Stable APIs|Any CPU.ActiveCfg = Debug Stable APIs|Any CPU
		{EE405166-276B-486B-A7C6-D3E5BE2BBB6C}.Debug Stable APIs|Any CPU.Build.0 = Debug Stable APIs|Any CPU
		{EE405166-276B-486B-A7C6-D3E5BE2BBB6C}.Release Experimental APIs|Any CPU.ActiveCfg = Release Experimental APIs|Any CPU
		{EE405166-276B-486B-A7C6-D3E5BE2BBB6C}.Release Experimental APIs|Any CPU.Build.0 = Release Experimental APIs|Any CPU
		{EE405166-276B-486B-A7C6-D3E5BE2BBB6C}.Release Stable APIs|Any CPU.ActiveCfg = Release Stable APIs|Any CPU
		{EE405166-276B-486B-A7C6-D3E5BE2BBB6C}.Release Stable APIs|Any CPU.Build.0 = Release Stable APIs|Any CPU
	EndGlobalSection
	GlobalSection(SolutionProperties) = preSolution
		HideSolutionNode = FALSE
	EndGlobalSection
	GlobalSection(ExtensibilityGlobals) = postSolution
		SolutionGuid = {D67C87AC-0755-417B-837B-CF60986F29DF}
	EndGlobalSection
EndGlobal
